
Microsoft Visual Studio Solution File, Format Version 12.00
# Visual Studio Version 17
VisualStudioVersion = 17.0.32014.148
MinimumVisualStudioVersion = 10.0.40219.1
Project("{FAE04EC0-301F-11D3-BF4B-00C04F79EFBC}") = "Update", "Update\Update.csproj", "{BFE8B4ED-0329-4F77-BC04-77A359AD787D}"
EndProject
Global
	GlobalSection(SolutionConfigurationPlatforms) = preSolution
		Debug|Any CPU = Debug|Any CPU
		Release|Any CPU = Release|Any CPU
	EndGlobalSection
	GlobalSection(ProjectConfigurationPlatforms) = postSolution
		{BFE8B4ED-0329-4F77-BC04-77A359AD787D}.Debug|Any CPU.ActiveCfg = Debug|Any CPU
		{BFE8B4ED-0329-4F77-BC04-77A359AD787D}.Debug|Any CPU.Build.0 = Debug|Any CPU
		{BFE8B4ED-0329-4F77-BC04-77A359AD787D}.Release|Any CPU.ActiveCfg = Release|Any CPU
		{BFE8B4ED-0329-4F77-BC04-77A359AD787D}.Release|Any CPU.Build.0 = Release|Any CPU
	EndGlobalSection
	GlobalSection(SolutionProperties) = preSolution
		HideSolutionNode = FALSE
	EndGlobalSection
	GlobalSection(ExtensibilityGlobals) = postSolution
		SolutionGuid = {18D7BAC5-CAD0-45AA-B7E6-4473568BC116}
	EndGlobalSection
EndGlobal
